
Microsoft Visual Studio Solution File, Format Version 12.00
# Visual Studio Version 17
VisualStudioVersion = 17.4.33403.182
MinimumVisualStudioVersion = 10.0.40219.1
Project("{FAE04EC0-301F-11D3-BF4B-00C04F79EFBC}") = "TaxCalculation", "TaxCalculation.csproj", "{3FF42B5A-CBE8-4CB9-8C0D-3F3C62C864BA}"
EndProject
Project("{FAE04EC0-301F-11D3-BF4B-00C04F79EFBC}") = "TaxCalculationConsole", "..\TaxCalculationConsole\TaxCalculationConsole.csproj", "{8284D588-89E2-48D3-AF89-301AC62661E0}"
EndProject
Project("{FAE04EC0-301F-11D3-BF4B-00C04F79EFBC}") = "TaxCalculator.Test", "..\TaxCalculator.Test\TaxCalculator.Test.csproj", "{7326BD44-CB29-4F6B-B838-9772B74E5939}"
EndProject
Global
	GlobalSection(SolutionConfigurationPlatforms) = preSolution
		Debug|Any CPU = Debug|Any CPU
		Release|Any CPU = Release|Any CPU
	EndGlobalSection
	GlobalSection(ProjectConfigurationPlatforms) = postSolution
		{3FF42B5A-CBE8-4CB9-8C0D-3F3C62C864BA}.Debug|Any CPU.ActiveCfg = Debug|Any CPU
		{3FF42B5A-CBE8-4CB9-8C0D-3F3C62C864BA}.Debug|Any CPU.Build.0 = Debug|Any CPU
		{3FF42B5A-CBE8-4CB9-8C0D-3F3C62C864BA}.Release|Any CPU.ActiveCfg = Release|Any CPU
		{3FF42B5A-CBE8-4CB9-8C0D-3F3C62C864BA}.Release|Any CPU.Build.0 = Release|Any CPU
		{8284D588-89E2-48D3-AF89-301AC62661E0}.Debug|Any CPU.ActiveCfg = Debug|Any CPU
		{8284D588-89E2-48D3-AF89-301AC62661E0}.Debug|Any CPU.Build.0 = Debug|Any CPU
		{8284D588-89E2-48D3-AF89-301AC62661E0}.Release|Any CPU.ActiveCfg = Release|Any CPU
		{8284D588-89E2-48D3-AF89-301AC62661E0}.Release|Any CPU.Build.0 = Release|Any CPU
		{7326BD44-CB29-4F6B-B838-9772B74E5939}.Debug|Any CPU.ActiveCfg = Debug|Any CPU
		{7326BD44-CB29-4F6B-B838-9772B74E5939}.Debug|Any CPU.Build.0 = Debug|Any CPU
		{7326BD44-CB29-4F6B-B838-9772B74E5939}.Release|Any CPU.ActiveCfg = Release|Any CPU
		{7326BD44-CB29-4F6B-B838-9772B74E5939}.Release|Any CPU.Build.0 = Release|Any CPU
	EndGlobalSection
	GlobalSection(SolutionProperties) = preSolution
		HideSolutionNode = FALSE
	EndGlobalSection
	GlobalSection(ExtensibilityGlobals) = postSolution
		SolutionGuid = {85AB8BFE-A738-41A3-B470-14834C924C61}
	EndGlobalSection
EndGlobal
